
Microsoft Visual Studio Solution File, Format Version 12.00
# Visual Studio Version 17
VisualStudioVersion = 17.2.32526.322
MinimumVisualStudioVersion = 10.0.40219.1
Project("{FAE04EC0-301F-11D3-BF4B-00C04F79EFBC}") = "ArmTemplates", "ArmTemplates\ArmTemplates.csproj", "{12C4EC8A-0A7A-40A8-A7C2-E466FB1E0769}"
EndProject
Project("{151D2E53-A2C4-4D7D-83FE-D05416EBD58E}") = "ArmTemplates.Templates", "ArmTemplates.Templates\ArmTemplates.Templates.deployproj", "{3C8229FF-C74B-4446-B4EE-FEF7A810ED8F}"
EndProject
Global
	GlobalSection(SolutionConfigurationPlatforms) = preSolution
		Debug|Any CPU = Debug|Any CPU
		Release|Any CPU = Release|Any CPU
	EndGlobalSection
	GlobalSection(ProjectConfigurationPlatforms) = postSolution
		{12C4EC8A-0A7A-40A8-A7C2-E466FB1E0769}.Debug|Any CPU.ActiveCfg = Debug|Any CPU
		{12C4EC8A-0A7A-40A8-A7C2-E466FB1E0769}.Debug|Any CPU.Build.0 = Debug|Any CPU
		{12C4EC8A-0A7A-40A8-A7C2-E466FB1E0769}.Release|Any CPU.ActiveCfg = Release|Any CPU
		{12C4EC8A-0A7A-40A8-A7C2-E466FB1E0769}.Release|Any CPU.Build.0 = Release|Any CPU
		{3C8229FF-C74B-4446-B4EE-FEF7A810ED8F}.Debug|Any CPU.ActiveCfg = Debug|Any CPU
		{3C8229FF-C74B-4446-B4EE-FEF7A810ED8F}.Debug|Any CPU.Build.0 = Debug|Any CPU
		{3C8229FF-C74B-4446-B4EE-FEF7A810ED8F}.Release|Any CPU.ActiveCfg = Release|Any CPU
		{3C8229FF-C74B-4446-B4EE-FEF7A810ED8F}.Release|Any CPU.Build.0 = Release|Any CPU
	EndGlobalSection
	GlobalSection(SolutionProperties) = preSolution
		HideSolutionNode = FALSE
	EndGlobalSection
	GlobalSection(ExtensibilityGlobals) = postSolution
		SolutionGuid = {D2DD4B4C-A991-4888-A370-4A6F72921703}
	EndGlobalSection
EndGlobal
